<?xml version="1.0" encoding="utf-8"?>
<Project ToolsVersion="4.0" xmlns="http://schemas.microsoft.com/developer/msbuild/2003">
  <ItemGroup>
    <Filter Include="system">
      <UniqueIdentifier>{22dd8095-74f9-46df-81a1-36675a040b1f}</UniqueIdentifier>
    </Filter>
    <Filter Include="Scene">
      <UniqueIdentifier>{aa31a207-fc6e-4fad-b43b-74be29df6e50}</UniqueIdentifier>
    </Filter>
    <Filter Include="Model">
      <UniqueIdentifier>{e19e12cd-b5c4-42b2-b29c-7a8a4408e217}</UniqueIdentifier>
    </Filter>
    <Filter Include="Manager">
      <UniqueIdentifier>{68ff64d1-9363-4d78-b781-240a1762ec2b}</UniqueIdentifier>
    </Filter>
  </ItemGroup>
  <ItemGroup>
    <ClCompile Include="stdafx.cpp" />
    <ClCompile Include="main.cpp" />
    <ClCompile Include="system\system.cpp">
      <Filter>system</Filter>
    </ClCompile>
    <ClCompile Include="GameCamera.cpp" />
    <ClCompile Include="GameTimer.cpp" />
    <ClCompile Include="Score.cpp" />
    <ClCompile Include="Transform.cpp" />
    <ClCompile Include="StarSpawner.cpp" />
    <ClCompile Include="PopScore.cpp" />
    <ClCompile Include="SaveData.cpp" />
    <ClCompile Include="Tutorial.cpp">
      <Filter>Scene</Filter>
    </ClCompile>
    <ClCompile Include="Title.cpp">
      <Filter>Scene</Filter>
    </ClCompile>
    <ClCompile Include="ResultView.cpp">
      <Filter>Scene</Filter>
    </ClCompile>
    <ClCompile Include="LoadingView.cpp">
      <Filter>Scene</Filter>
    </ClCompile>
    <ClCompile Include="CountDown.cpp">
      <Filter>Scene</Filter>
    </ClCompile>
    <ClCompile Include="Game.cpp">
      <Filter>Scene</Filter>
    </ClCompile>
    <ClCompile Include="BackGround.cpp">
      <Filter>Model</Filter>
    </ClCompile>
    <ClCompile Include="Player.cpp">
      <Filter>Model</Filter>
    </ClCompile>
    <ClCompile Include="Star.cpp">
      <Filter>Model</Filter>
    </ClCompile>
    <ClCompile Include="PopScoreManager.cpp">
      <Filter>Manager</Filter>
    </ClCompile>
    <ClCompile Include="SoundManager.cpp">
      <Filter>Manager</Filter>
    </ClCompile>
    <ClCompile Include="SpriteManager.cpp">
      <Filter>Manager</Filter>
    </ClCompile>
  </ItemGroup>
  <ItemGroup>
    <ClInclude Include="stdafx.h" />
    <ClInclude Include="system\system.h">
      <Filter>system</Filter>
    </ClInclude>
    <ClInclude Include="GameCamera.h" />
    <ClInclude Include="GameTimer.h" />
    <ClInclude Include="Score.h" />
    <ClInclude Include="Transform.h" />
    <ClInclude Include="StarSpawner.h" />
    <ClInclude Include="PopScore.h" />
    <ClInclude Include="Type.h" />
    <ClInclude Include="json.hpp" />
    <ClInclude Include="SaveData.h" />
    <ClInclude Include="Tutorial.h">
      <Filter>Scene</Filter>
    </ClInclude>
    <ClInclude Include="Title.h">
      <Filter>Scene</Filter>
    </ClInclude>
    <ClInclude Include="ResultView.h">
      <Filter>Scene</Filter>
    </ClInclude>
    <ClInclude Include="LoadingView.h">
      <Filter>Scene</Filter>
    </ClInclude>
    <ClInclude Include="CountDown.h">
      <Filter>Scene</Filter>
    </ClInclude>
    <ClInclude Include="Game.h">
      <Filter>Scene</Filter>
    </ClInclude>
    <ClInclude Include="BackGround.h">
      <Filter>Model</Filter>
    </ClInclude>
    <ClInclude Include="Player.h">
      <Filter>Model</Filter>
    </ClInclude>
    <ClInclude Include="Star.h">
      <Filter>Model</Filter>
    </ClInclude>
    <ClInclude Include="PopScoreManager.h">
      <Filter>Manager</Filter>
    </ClInclude>
    <ClInclude Include="SoundManager.h">
      <Filter>Manager</Filter>
    </ClInclude>
    <ClInclude Include="SpriteManager.h">
      <Filter>Manager</Filter>
    </ClInclude>
  </ItemGroup>
</Project>